<?xml version="1.0" encoding="utf-8"?>
<Project ToolsVersion="4.0" xmlns="http://schemas.microsoft.com/developer/msbuild/2003">
  <ItemGroup>
    <Filter Include="Source Files">
      <UniqueIdentifier>{4FC737F1-C7A5-4376-A066-2A32D752A2FF}</UniqueIdentifier>
      <Extensions>cpp;c;cc;cxx;c++;cppm;ixx;def;odl;idl;hpj;bat;asm;asmx</Extensions>
    </Filter>
    <Filter Include="Header Files">
      <UniqueIdentifier>{93995380-89BD-4b04-88EB-625FBE52EBFB}</UniqueIdentifier>
      <Extensions>h;hh;hpp;hxx;h++;hm;inl;inc;ipp;xsd</Extensions>
    </Filter>
    <Filter Include="Resource Files">
      <UniqueIdentifier>{67DA6AB6-F800-4c08-8B7A-83BB121AAD01}</UniqueIdentifier>
      <Extensions>rc;ico;cur;bmp;dlg;rc2;rct;bin;rgs;gif;jpg;jpeg;jpe;resx;tiff;tif;png;wav;mfcribbon-ms</Extensions>
    </Filter>
    <Filter Include="Resource Files\minhook">
      <UniqueIdentifier>{e1f0b6ca-176f-4c8e-b4c1-af05f6093a80}</UniqueIdentifier>
    </Filter>
    <Filter Include="Resource Files\INIReader">
      <UniqueIdentifier>{acb5edeb-e577-4450-9054-a7f974e4b3d3}</UniqueIdentifier>
    </Filter>
    <Filter Include="Source Files\Hook">
      <UniqueIdentifier>{27375f4d-3d6f-4524-a5c4-ebe395cf6876}</UniqueIdentifier>
    </Filter>
    <Filter Include="ASM">
      <UniqueIdentifier>{8903ab88-ac3b-418c-8c25-b70cca7b9f89}</UniqueIdentifier>
    </Filter>
  </ItemGroup>
  <ItemGroup>
    <ClInclude Include="Include\ErdToolsMain.h">
      <Filter>Header Files</Filter>
    </ClInclude>
    <ClInclude Include="Include\ErdHook.h">
      <Filter>Header Files</Filter>
    </ClInclude>
    <ClInclude Include="minhook\src\buffer.h">
      <Filter>Resource Files\minhook</Filter>
    </ClInclude>
    <ClInclude Include="minhook\src\hde\hde32.h">
      <Filter>Resource Files\minhook</Filter>
    </ClInclude>
    <ClInclude Include="minhook\src\hde\hde64.h">
      <Filter>Resource Files\minhook</Filter>
    </ClInclude>
    <ClInclude Include="minhook\include\MinHook.h">
      <Filter>Resource Files\minhook</Filter>
    </ClInclude>
    <ClInclude Include="minhook\src\hde\pstdint.h">
      <Filter>Resource Files\minhook</Filter>
    </ClInclude>
    <ClInclude Include="minhook\src\hde\table32.h">
      <Filter>Resource Files\minhook</Filter>
    </ClInclude>
    <ClInclude Include="minhook\src\hde\table64.h">
      <Filter>Resource Files\minhook</Filter>
    </ClInclude>
    <ClInclude Include="minhook\src\trampoline.h">
      <Filter>Resource Files\minhook</Filter>
    </ClInclude>
    <ClInclude Include="Include\ErdTools_globals.h">
      <Filter>Header Files</Filter>
    </ClInclude>
    <ClInclude Include="Include\EventHook.h">
      <Filter>Header Files</Filter>
    </ClInclude>
    <ClInclude Include="INIReader\INIReader.h">
      <Filter>Resource Files\INIReader</Filter>
    </ClInclude>
    <ClInclude Include="INIReader\ini.h">
      <Filter>Resource Files\INIReader</Filter>
    </ClInclude>
    <ClInclude Include="Include\DebugHook.h">
      <Filter>Header Files</Filter>
    </ClInclude>
    <ClInclude Include="Include\Common.h">
      <Filter>Header Files</Filter>
    </ClInclude>
    <ClInclude Include="resource.h">
      <Filter>Header Files</Filter>
    </ClInclude>
    <ClInclude Include="Include\ParamHook.h">
      <Filter>Header Files</Filter>
    </ClInclude>
    <ClInclude Include="Include\FeHook.h">
      <Filter>Header Files</Filter>
    </ClInclude>
    <ClInclude Include="Include\Signature.h">
      <Filter>Header Files</Filter>
    </ClInclude>
    <ClInclude Include="param\ActionButtonParam.h">
      <Filter>Header Files</Filter>
    </ClInclude>
    <ClInclude Include="param\AiSoundParam.h">
      <Filter>Header Files</Filter>
    </ClInclude>
    <ClInclude Include="param\AssetEnvironmentGeometryParam.h">
      <Filter>Header Files</Filter>
    </ClInclude>
    <ClInclude Include="param\AssetMaterialSfxParam.h">
      <Filter>Header Files</Filter>
    </ClInclude>
    <ClInclude Include="param\AssetModelSfxParam.h">
      <Filter>Header Files</Filter>
    </ClInclude>
    <ClInclude Include="param\AtkParam_Npc.h">
      <Filter>Header Files</Filter>
    </ClInclude>
    <ClInclude Include="param\AtkParam_Pc.h">
      <Filter>Header Files</Filter>
    </ClInclude>
    <ClInclude Include="param\AttackElementCorrectParam.h">
      <Filter>Header Files</Filter>
    </ClInclude>
    <ClInclude Include="param\AutoCreateEnvSoundParam.h">
      <Filter>Header Files</Filter>
    </ClInclude>
    <ClInclude Include="param\BaseChrSelectMenuParam.h">
      <Filter>Header Files</Filter>
    </ClInclude>
    <ClInclude Include="param\BehaviorParam.h">
      <Filter>Header Files</Filter>
    </ClInclude>
    <ClInclude Include="param\BehaviorParam_PC.h">
      <Filter>Header Files</Filter>
    </ClInclude>
    <ClInclude Include="param\BonfireWarpParam.h">
      <Filter>Header Files</Filter>
    </ClInclude>
    <ClInclude Include="param\BonfireWarpSubCategoryParam.h">
      <Filter>Header Files</Filter>
    </ClInclude>
    <ClInclude Include="param\BonfireWarpTabParam.h">
      <Filter>Header Files</Filter>
    </ClInclude>
    <ClInclude Include="param\BuddyParam.h">
      <Filter>Header Files</Filter>
    </ClInclude>
    <ClInclude Include="param\BuddyStoneParam.h">
      <Filter>Header Files</Filter>
    </ClInclude>
    <ClInclude Include="param\BudgetParam.h">
      <Filter>Header Files</Filter>
    </ClInclude>
    <ClInclude Include="param\Bullet.h">
      <Filter>Header Files</Filter>
    </ClInclude>
    <ClInclude Include="param\BulletCreateLimitParam.h">
      <Filter>Header Files</Filter>
    </ClInclude>
    <ClInclude Include="param\CalcCorrectGraph.h">
      <Filter>Header Files</Filter>
    </ClInclude>
    <ClInclude Include="param\Ceremony.h">
      <Filter>Header Files</Filter>
    </ClInclude>
    <ClInclude Include="param\CharaInitParam.h">
      <Filter>Header Files</Filter>
    </ClInclude>
    <ClInclude Include="param\CharMakeMenuListItemParam.h">
      <Filter>Header Files</Filter>
    </ClInclude>
    <ClInclude Include="param\CharMakeMenuTopParam.h">
      <Filter>Header Files</Filter>
    </ClInclude>
    <ClInclude Include="param\ChrActivateConditionParam.h">
      <Filter>Header Files</Filter>
    </ClInclude>
    <ClInclude Include="param\ChrModelParam.h">
      <Filter>Header Files</Filter>
    </ClInclude>
    <ClInclude Include="param\ClearCountCorrectParam.h">
      <Filter>Header Files</Filter>
    </ClInclude>
    <ClInclude Include="param\CoolTimeParam.h">
      <Filter>Header Files</Filter>
    </ClInclude>
    <ClInclude Include="param\CutsceneGparamTimeParam.h">
      <Filter>Header Files</Filter>
    </ClInclude>
    <ClInclude Include="param\CutsceneGparamWeatherParam.h">
      <Filter>Header Files</Filter>
    </ClInclude>
    <ClInclude Include="param\CutsceneMapIdParam.h">
      <Filter>Header Files</Filter>
    </ClInclude>
    <ClInclude Include="param\CutSceneTextureLoadParam.h">
      <Filter>Header Files</Filter>
    </ClInclude>
    <ClInclude Include="param\CutsceneTimezoneConvertParam.h">
      <Filter>Header Files</Filter>
    </ClInclude>
    <ClInclude Include="param\CutsceneWeatherOverrideGparamConvertParam.h">
      <Filter>Header Files</Filter>
    </ClInclude>
    <ClInclude Include="param\DecalParam.h">
      <Filter>Header Files</Filter>
    </ClInclude>
    <ClInclude Include="param\defs\ACTIONBUTTON_PARAM_ST.h">
      <Filter>Header Files</Filter>
    </ClInclude>
    <ClInclude Include="param\defs\AI_ANIM_TBL_PARAM.h">
      <Filter>Header Files</Filter>
    </ClInclude>
    <ClInclude Include="param\defs\AI_ATTACK_PARAM_ST.h">
      <Filter>Header Files</Filter>
    </ClInclude>
    <ClInclude Include="param\defs\AI_ODDS_PARAM.h">
      <Filter>Header Files</Filter>
    </ClInclude>
    <ClInclude Include="param\defs\AI_SOUND_PARAM_ST.h">
      <Filter>Header Files</Filter>
    </ClInclude>
    <ClInclude Include="param\defs\AI_STANDARD_INFO_BANK.h">
      <Filter>Header Files</Filter>
    </ClInclude>
    <ClInclude Include="param\defs\ASSET_GEOMETORY_PARAM_ST.h">
      <Filter>Header Files</Filter>
    </ClInclude>
    <ClInclude Include="param\defs\ASSET_MATERIAL_SFX_PARAM_ST.h">
      <Filter>Header Files</Filter>
    </ClInclude>
    <ClInclude Include="param\defs\ASSET_MODEL_SFX_PARAM_ST.h">
      <Filter>Header Files</Filter>
    </ClInclude>
    <ClInclude Include="param\defs\ATK_PARAM_ST.h">
      <Filter>Header Files</Filter>
    </ClInclude>
    <ClInclude Include="param\defs\ATTACK_ELEMENT_CORRECT_PARAM_ST.h">
      <Filter>Header Files</Filter>
    </ClInclude>
    <ClInclude Include="param\defs\AUTO_CREATE_ENV_SOUND_PARAM_ST.h">
      <Filter>Header Files</Filter>
    </ClInclude>
    <ClInclude Include="param\defs\BASECHR_SELECT_MENU_PARAM_ST.h">
      <Filter>Header Files</Filter>
    </ClInclude>
    <ClInclude Include="param\defs\BEHAVIOR_PARAM_ST.h">
      <Filter>Header Files</Filter>
    </ClInclude>
    <ClInclude Include="param\defs\BONFIRE_WARP_PARAM_ST.h">
      <Filter>Header Files</Filter>
    </ClInclude>
    <ClInclude Include="param\defs\BONFIRE_WARP_SUB_CATEGORY_PARAM_ST.h">
      <Filter>Header Files</Filter>
    </ClInclude>
    <ClInclude Include="param\defs\BONFIRE_WARP_TAB_PARAM_ST.h">
      <Filter>Header Files</Filter>
    </ClInclude>
    <ClInclude Include="param\defs\BUDDY_PARAM_ST.h">
      <Filter>Header Files</Filter>
    </ClInclude>
    <ClInclude Include="param\defs\BUDDY_STONE_PARAM_ST.h">
      <Filter>Header Files</Filter>
    </ClInclude>
    <ClInclude Include="param\defs\BUDGET_PARAM_ST.h">
      <Filter>Header Files</Filter>
    </ClInclude>
    <ClInclude Include="param\defs\BULLET_CREATE_LIMIT_PARAM_ST.h">
      <Filter>Header Files</Filter>
    </ClInclude>
    <ClInclude Include="param\defs\BULLET_PARAM_ST.h">
      <Filter>Header Files</Filter>
    </ClInclude>
    <ClInclude Include="param\defs\CACL_CORRECT_GRAPH_ST.h">
      <Filter>Header Files</Filter>
    </ClInclude>
    <ClInclude Include="param\defs\CAMERA_FADE_PARAM_ST.h">
      <Filter>Header Files</Filter>
    </ClInclude>
    <ClInclude Include="param\defs\CEREMONY_PARAM_ST.h">
      <Filter>Header Files</Filter>
    </ClInclude>
    <ClInclude Include="param\defs\CHARACTER_INIT_PARAM.h">
      <Filter>Header Files</Filter>
    </ClInclude>
    <ClInclude Include="param\defs\CHARMAKEMENUTOP_PARAM_ST.h">
      <Filter>Header Files</Filter>
    </ClInclude>
    <ClInclude Include="param\defs\CHARMAKEMENU_LISTITEM_PARAM_ST.h">
      <Filter>Header Files</Filter>
    </ClInclude>
    <ClInclude Include="param\defs\CHR_ACTIVATE_CONDITION_PARAM_ST.h">
      <Filter>Header Files</Filter>
    </ClInclude>
    <ClInclude Include="param\defs\CHR_MODEL_PARAM_ST.h">
      <Filter>Header Files</Filter>
    </ClInclude>
    <ClInclude Include="param\defs\CLEAR_COUNT_CORRECT_PARAM_ST.h">
      <Filter>Header Files</Filter>
    </ClInclude>
    <ClInclude Include="param\defs\COMMON_SYSTEM_PARAM_ST.h">
      <Filter>Header Files</Filter>
    </ClInclude>
    <ClInclude Include="param\defs\COOL_TIME_PARAM_ST.h">
      <Filter>Header Files</Filter>
    </ClInclude>
    <ClInclude Include="param\defs\CS_AA_QUALITY_DETAIL.h">
      <Filter>Header Files</Filter>
    </ClInclude>
    <ClInclude Include="param\defs\CS_DECAL_QUALITY_DETAIL.h">
      <Filter>Header Files</Filter>
    </ClInclude>
    <ClInclude Include="param\defs\CS_DOF_QUALITY_DETAIL.h">
      <Filter>Header Files</Filter>
    </ClInclude>
    <ClInclude Include="param\defs\CS_EFFECT_QUALITY_DETAIL.h">
      <Filter>Header Files</Filter>
    </ClInclude>
    <ClInclude Include="param\defs\CS_GRAPHICS_CONFIG_PARAM_ST.h">
      <Filter>Header Files</Filter>
    </ClInclude>
    <ClInclude Include="param\defs\CS_KEY_ASSIGN_MENUITEM_PARAM.h">
      <Filter>Header Files</Filter>
    </ClInclude>
    <ClInclude Include="param\defs\CS_LIGHTING_QUALITY_DETAIL.h">
      <Filter>Header Files</Filter>
    </ClInclude>
    <ClInclude Include="param\defs\CS_MOTION_BLUR_QUALITY_DETAIL.h">
      <Filter>Header Files</Filter>
    </ClInclude>
    <ClInclude Include="param\defs\CS_REFLECTION_QUALITY_DETAIL.h">
      <Filter>Header Files</Filter>
    </ClInclude>
    <ClInclude Include="param\defs\CS_SHADER_QUALITY_DETAIL.h">
      <Filter>Header Files</Filter>
    </ClInclude>
    <ClInclude Include="param\defs\CS_SHADOW_QUALITY_DETAIL.h">
      <Filter>Header Files</Filter>
    </ClInclude>
    <ClInclude Include="param\defs\CS_SSAO_QUALITY_DETAIL.h">
      <Filter>Header Files</Filter>
    </ClInclude>
    <ClInclude Include="param\defs\CS_TEXTURE_FILTER_QUALITY_DETAIL.h">
      <Filter>Header Files</Filter>
    </ClInclude>
    <ClInclude Include="param\defs\CS_VOLUMETRIC_EFFECT_QUALITY_DETAIL.h">
      <Filter>Header Files</Filter>
    </ClInclude>
    <ClInclude Include="param\defs\CS_WATER_QUALITY_DETAIL.h">
      <Filter>Header Files</Filter>
    </ClInclude>
    <ClInclude Include="param\defs\CUTSCENE_GPARAM_TIME_PARAM_ST.h">
      <Filter>Header Files</Filter>
    </ClInclude>
    <ClInclude Include="param\defs\CUTSCENE_GPARAM_WEATHER_PARAM_ST.h">
      <Filter>Header Files</Filter>
    </ClInclude>
    <ClInclude Include="param\defs\CUTSCENE_MAP_ID_PARAM_ST.h">
      <Filter>Header Files</Filter>
    </ClInclude>
    <ClInclude Include="param\defs\CUTSCENE_TEXTURE_LOAD_PARAM_ST.h">
      <Filter>Header Files</Filter>
    </ClInclude>
    <ClInclude Include="param\defs\CUTSCENE_TIMEZONE_CONVERT_PARAM_ST.h">
      <Filter>Header Files</Filter>
    </ClInclude>
    <ClInclude Include="param\defs\CUTSCENE_WEATHER_OVERRIDE_GPARAM_ID_CONVERT_PARAM_ST.h">
      <Filter>Header Files</Filter>
    </ClInclude>
    <ClInclude Include="param\defs\DECAL_PARAM_ST.h">
      <Filter>Header Files</Filter>
    </ClInclude>
    <ClInclude Include="param\defs\DEFAULT_KEY_ASSIGN.h">
      <Filter>Header Files</Filter>
    </ClInclude>
    <ClInclude Include="param\defs\defs.h">
      <Filter>Header Files</Filter>
    </ClInclude>
    <ClInclude Include="param\defs\DIRECTION_CAMERA_PARAM_ST.h">
      <Filter>Header Files</Filter>
    </ClInclude>
    <ClInclude Include="param\defs\ENEMY_COMMON_PARAM_ST.h">
      <Filter>Header Files</Filter>
    </ClInclude>
    <ClInclude Include="param\defs\ENEMY_STANDARD_INFO_BANK.h">
      <Filter>Header Files</Filter>
    </ClInclude>
    <ClInclude Include="param\defs\ENV_OBJ_LOT_PARAM_ST.h">
      <Filter>Header Files</Filter>
    </ClInclude>
    <ClInclude Include="param\defs\EQUIP_MTRL_SET_PARAM_ST.h">
      <Filter>Header Files</Filter>
    </ClInclude>
    <ClInclude Include="param\defs\EQUIP_PARAM_ACCESSORY_ST.h">
      <Filter>Header Files</Filter>
    </ClInclude>
    <ClInclude Include="param\defs\EQUIP_PARAM_CUSTOM_WEAPON_ST.h">
      <Filter>Header Files</Filter>
    </ClInclude>
    <ClInclude Include="param\defs\EQUIP_PARAM_GEM_ST.h">
      <Filter>Header Files</Filter>
    </ClInclude>
    <ClInclude Include="param\defs\EQUIP_PARAM_GOODS_ST.h">
      <Filter>Header Files</Filter>
    </ClInclude>
    <ClInclude Include="param\defs\EQUIP_PARAM_PROTECTOR_ST.h">
      <Filter>Header Files</Filter>
    </ClInclude>
    <ClInclude Include="param\defs\EQUIP_PARAM_WEAPON_ST.h">
      <Filter>Header Files</Filter>
    </ClInclude>
    <ClInclude Include="param\defs\ESTUS_FLASK_RECOVERY_PARAM_ST.h">
      <Filter>Header Files</Filter>
    </ClInclude>
    <ClInclude Include="param\defs\EVENT_FLAG_USAGE_PARAM_ST.h">
      <Filter>Header Files</Filter>
    </ClInclude>
    <ClInclude Include="param\defs\FACE_PARAM_ST.h">
      <Filter>Header Files</Filter>
    </ClInclude>
    <ClInclude Include="param\defs\FACE_RANGE_PARAM_ST.h">
      <Filter>Header Files</Filter>
    </ClInclude>
    <ClInclude Include="param\defs\FE_TEXT_EFFECT_PARAM_ST.h">
      <Filter>Header Files</Filter>
    </ClInclude>
    <ClInclude Include="param\defs\FOOT_SFX_PARAM_ST.h">
      <Filter>Header Files</Filter>
    </ClInclude>
    <ClInclude Include="param\defs\GAME_AREA_PARAM_ST.h">
      <Filter>Header Files</Filter>
    </ClInclude>
    <ClInclude Include="param\defs\GAME_INFO_PARAM.h">
      <Filter>Header Files</Filter>
    </ClInclude>
    <ClInclude Include="param\defs\GAME_SYSTEM_COMMON_PARAM_ST.h">
      <Filter>Header Files</Filter>
    </ClInclude>
    <ClInclude Include="param\defs\GESTURE_PARAM_ST.h">
      <Filter>Header Files</Filter>
    </ClInclude>
    <ClInclude Include="param\defs\GPARAM_GRID_REGION_INFO_PARAM_ST.h">
      <Filter>Header Files</Filter>
    </ClInclude>
    <ClInclude Include="param\defs\GPARAM_REF_SETTINGS_PARAM_ST.h">
      <Filter>Header Files</Filter>
    </ClInclude>
    <ClInclude Include="param\defs\GRAPHICS_COMMON_PARAM_ST.h">
      <Filter>Header Files</Filter>
    </ClInclude>
    <ClInclude Include="param\defs\GRASS_LOD_RANGE_PARAM_ST.h">
      <Filter>Header Files</Filter>
    </ClInclude>
    <ClInclude Include="param\defs\GRASS_MAP_SETTINGS_PARAM_ST.h">
      <Filter>Header Files</Filter>
    </ClInclude>
    <ClInclude Include="param\defs\GRASS_TYPE_PARAM_ST.h">
      <Filter>Header Files</Filter>
    </ClInclude>
    <ClInclude Include="param\defs\HIT_EFFECT_SE_PARAM_ST.h">
      <Filter>Header Files</Filter>
    </ClInclude>
    <ClInclude Include="param\defs\HIT_EFFECT_SFX_CONCEPT_PARAM_ST.h">
      <Filter>Header Files</Filter>
    </ClInclude>
    <ClInclude Include="param\defs\HIT_EFFECT_SFX_PARAM_ST.h">
      <Filter>Header Files</Filter>
    </ClInclude>
    <ClInclude Include="param\defs\HIT_MTRL_PARAM_ST.h">
      <Filter>Header Files</Filter>
    </ClInclude>
    <ClInclude Include="param\defs\ITEMLOT_PARAM_ST.h">
      <Filter>Header Files</Filter>
    </ClInclude>
    <ClInclude Include="param\defs\KEY_ASSIGN_PARAM_ST.h">
      <Filter>Header Files</Filter>
    </ClInclude>
    <ClInclude Include="param\defs\KNOCKBACK_PARAM_ST.h">
      <Filter>Header Files</Filter>
    </ClInclude>
    <ClInclude Include="param\defs\KNOWLEDGE_LOADSCREEN_ITEM_PARAM_ST.h">
      <Filter>Header Files</Filter>
    </ClInclude>
    <ClInclude Include="param\defs\LEGACY_DISTANT_VIEW_PARTS_REPLACE_PARAM.h">
      <Filter>Header Files</Filter>
    </ClInclude>
    <ClInclude Include="param\defs\LOAD_BALANCER_DRAW_DIST_SCALE_PARAM_ST.h">
      <Filter>Header Files</Filter>
    </ClInclude>
    <ClInclude Include="param\defs\LOAD_BALANCER_NEW_DRAW_DIST_SCALE_PARAM_ST.h">
      <Filter>Header Files</Filter>
    </ClInclude>
    <ClInclude Include="param\defs\LOAD_BALANCER_PARAM_ST.h">
      <Filter>Header Files</Filter>
    </ClInclude>
    <ClInclude Include="param\defs\LOCK_CAM_PARAM_ST.h">
      <Filter>Header Files</Filter>
    </ClInclude>
    <ClInclude Include="param\defs\MAGIC_PARAM_ST.h">
      <Filter>Header Files</Filter>
    </ClInclude>
    <ClInclude Include="param\defs\MAP_DEFAULT_INFO_PARAM_ST.h">
      <Filter>Header Files</Filter>
    </ClInclude>
    <ClInclude Include="param\defs\MAP_GD_REGION_DRAW_PARAM.h">
      <Filter>Header Files</Filter>
    </ClInclude>
    <ClInclude Include="param\defs\MAP_GD_REGION_ID_PARAM_ST.h">
      <Filter>Header Files</Filter>
    </ClInclude>
    <ClInclude Include="param\defs\MAP_GRID_CREATE_HEIGHT_LIMIT_INFO_PARAM_ST.h">
      <Filter>Header Files</Filter>
    </ClInclude>
    <ClInclude Include="param\defs\MAP_MIMICRY_ESTABLISHMENT_PARAM_ST.h">
      <Filter>Header Files</Filter>
    </ClInclude>
    <ClInclude Include="param\defs\MAP_NAME_TEX_PARAM_ST.h">
      <Filter>Header Files</Filter>
    </ClInclude>
    <ClInclude Include="param\defs\MAP_PIECE_TEX_PARAM_ST.h">
      <Filter>Header Files</Filter>
    </ClInclude>
    <ClInclude Include="param\defs\MATERIAL_EX_PARAM_ST.h">
      <Filter>Header Files</Filter>
    </ClInclude>
    <ClInclude Include="param\defs\MENUPROPERTY_LAYOUT.h">
      <Filter>Header Files</Filter>
    </ClInclude>
    <ClInclude Include="param\defs\MENUPROPERTY_SPEC.h">
      <Filter>Header Files</Filter>
    </ClInclude>
    <ClInclude Include="param\defs\MENU_COMMON_PARAM_ST.h">
      <Filter>Header Files</Filter>
    </ClInclude>
    <ClInclude Include="param\defs\MENU_OFFSCR_REND_PARAM_ST.h">
      <Filter>Header Files</Filter>
    </ClInclude>
    <ClInclude Include="param\defs\MENU_PARAM_COLOR_TABLE_ST.h">
      <Filter>Header Files</Filter>
    </ClInclude>
    <ClInclude Include="param\defs\MENU_VALUE_TABLE_SPEC.h">
      <Filter>Header Files</Filter>
    </ClInclude>
    <ClInclude Include="param\defs\MIMICRY_ESTABLISHMENT_TEX_PARAM_ST.h">
      <Filter>Header Files</Filter>
    </ClInclude>
    <ClInclude Include="param\defs\MISSILE_PARAM_ST.h">
      <Filter>Header Files</Filter>
    </ClInclude>
    <ClInclude Include="param\defs\MODEL_SFX_PARAM_ST.h">
      <Filter>Header Files</Filter>
    </ClInclude>
    <ClInclude Include="param\defs\MOVE_PARAM_ST.h">
      <Filter>Header Files</Filter>
    </ClInclude>
    <ClInclude Include="param\defs\MULTI_ESTUS_FLASK_BONUS_PARAM_ST.h">
      <Filter>Header Files</Filter>
    </ClInclude>
    <ClInclude Include="param\defs\MULTI_PLAY_CORRECTION_PARAM_ST.h">
      <Filter>Header Files</Filter>
    </ClInclude>
    <ClInclude Include="param\defs\MULTI_SOUL_BONUS_RATE_PARAM_ST.h">
      <Filter>Header Files</Filter>
    </ClInclude>
    <ClInclude Include="param\defs\NETWORK_AREA_PARAM_ST.h">
      <Filter>Header Files</Filter>
    </ClInclude>
    <ClInclude Include="param\defs\NETWORK_MSG_PARAM_ST.h">
      <Filter>Header Files</Filter>
    </ClInclude>
    <ClInclude Include="param\defs\NETWORK_PARAM_ST.h">
      <Filter>Header Files</Filter>
    </ClInclude>
    <ClInclude Include="param\defs\NPC_AI_ACTION_PARAM_ST.h">
      <Filter>Header Files</Filter>
    </ClInclude>
    <ClInclude Include="param\defs\NPC_AI_BEHAVIOR_PROBABILITY_PARAM_ST.h">
      <Filter>Header Files</Filter>
    </ClInclude>
    <ClInclude Include="param\defs\NPC_PARAM_ST.h">
      <Filter>Header Files</Filter>
    </ClInclude>
    <ClInclude Include="param\defs\NPC_THINK_PARAM_ST.h">
      <Filter>Header Files</Filter>
    </ClInclude>
    <ClInclude Include="param\defs\OBJECT_MATERIAL_SFX_PARAM_ST.h">
      <Filter>Header Files</Filter>
    </ClInclude>
    <ClInclude Include="param\defs\OBJECT_PARAM_ST.h">
      <Filter>Header Files</Filter>
    </ClInclude>
    <ClInclude Include="param\defs\OBJ_ACT_PARAM_ST.h">
      <Filter>Header Files</Filter>
    </ClInclude>
    <ClInclude Include="param\defs\PARTS_DRAW_PARAM_ST.h">
      <Filter>Header Files</Filter>
    </ClInclude>
    <ClInclude Include="param\defs\PERFORMANCE_CHECK_PARAM.h">
      <Filter>Header Files</Filter>
    </ClInclude>
    <ClInclude Include="param\defs\PHANTOM_PARAM_ST.h">
      <Filter>Header Files</Filter>
    </ClInclude>
    <ClInclude Include="param\defs\PLAYER_COMMON_PARAM_ST.h">
      <Filter>Header Files</Filter>
    </ClInclude>
    <ClInclude Include="param\defs\PLAY_REGION_PARAM_ST.h">
      <Filter>Header Files</Filter>
    </ClInclude>
    <ClInclude Include="param\defs\POSTURE_CONTROL_PARAM_GENDER_ST.h">
      <Filter>Header Files</Filter>
    </ClInclude>
    <ClInclude Include="param\defs\POSTURE_CONTROL_PARAM_PRO_ST.h">
      <Filter>Header Files</Filter>
    </ClInclude>
    <ClInclude Include="param\defs\POSTURE_CONTROL_PARAM_WEP_LEFT_ST.h">
      <Filter>Header Files</Filter>
    </ClInclude>
    <ClInclude Include="param\defs\POSTURE_CONTROL_PARAM_WEP_RIGHT_ST.h">
      <Filter>Header Files</Filter>
    </ClInclude>
    <ClInclude Include="param\defs\RANDOM_APPEAR_EDIT_PARAM_ST.h">
      <Filter>Header Files</Filter>
    </ClInclude>
    <ClInclude Include="param\defs\RANDOM_APPEAR_PARAM_ST.h">
      <Filter>Header Files</Filter>
    </ClInclude>
    <ClInclude Include="param\defs\REINFORCE_PARAM_PROTECTOR_ST.h">
      <Filter>Header Files</Filter>
    </ClInclude>
    <ClInclude Include="param\defs\REINFORCE_PARAM_WEAPON_ST.h">
      <Filter>Header Files</Filter>
    </ClInclude>
    <ClInclude Include="param\defs\RESIST_CORRECT_PARAM_ST.h">
      <Filter>Header Files</Filter>
    </ClInclude>
    <ClInclude Include="param\defs\REVERB_AUX_SEND_BUS_PARAM_ST.h">
      <Filter>Header Files</Filter>
    </ClInclude>
    <ClInclude Include="param\defs\RIDE_PARAM_ST.h">
      <Filter>Header Files</Filter>
    </ClInclude>
    <ClInclude Include="param\defs\ROLE_PARAM_ST.h">
      <Filter>Header Files</Filter>
    </ClInclude>
    <ClInclude Include="param\defs\ROLLING_OBJ_LOT_PARAM_ST.h">
      <Filter>Header Files</Filter>
    </ClInclude>
    <ClInclude Include="param\defs\RUNTIME_BONE_CONTROL_PARAM_ST.h">
      <Filter>Header Files</Filter>
    </ClInclude>
    <ClInclude Include="param\defs\SE_ACTIVATION_RANGE_PARAM_ST.h">
      <Filter>Header Files</Filter>
    </ClInclude>
    <ClInclude Include="param\defs\SE_MATERIAL_CONVERT_PARAM_ST.h">
      <Filter>Header Files</Filter>
    </ClInclude>
    <ClInclude Include="param\defs\SFX_BLOCK_RES_SHARE_PARAM.h">
      <Filter>Header Files</Filter>
    </ClInclude>
    <ClInclude Include="param\defs\SHOP_LINEUP_PARAM.h">
      <Filter>Header Files</Filter>
    </ClInclude>
    <ClInclude Include="param\defs\SIGN_PUDDLE_PARAM_ST.h">
      <Filter>Header Files</Filter>
    </ClInclude>
    <ClInclude Include="param\defs\SOUND_ASSET_SOUND_OBJ_ENABLE_DIST_PARAM_ST.h">
      <Filter>Header Files</Filter>
    </ClInclude>
    <ClInclude Include="param\defs\SOUND_AUTO_ENV_SOUND_GROUP_PARAM_ST.h">
      <Filter>Header Files</Filter>
    </ClInclude>
    <ClInclude Include="param\defs\SOUND_AUTO_REVERB_EVALUATION_DIST_PARAM_ST.h">
      <Filter>Header Files</Filter>
    </ClInclude>
    <ClInclude Include="param\defs\SOUND_AUTO_REVERB_SELECT_PARAM_ST.h">
      <Filter>Header Files</Filter>
    </ClInclude>
    <ClInclude Include="param\defs\SOUND_CHR_PHYSICS_SE_PARAM_ST.h">
      <Filter>Header Files</Filter>
    </ClInclude>
    <ClInclude Include="param\defs\SOUND_COMMON_INGAME_PARAM_ST.h">
      <Filter>Header Files</Filter>
    </ClInclude>
    <ClInclude Include="param\defs\SOUND_COMMON_SYSTEM_PARAM_ST.h">
      <Filter>Header Files</Filter>
    </ClInclude>
    <ClInclude Include="param\defs\SOUND_CUTSCENE_PARAM_ST.h">
      <Filter>Header Files</Filter>
    </ClInclude>
    <ClInclude Include="param\defs\SPEEDTREE_MODEL_PARAM_ST.h">
      <Filter>Header Files</Filter>
    </ClInclude>
    <ClInclude Include="param\defs\SP_EFFECT_PARAM_ST.h">
      <Filter>Header Files</Filter>
    </ClInclude>
    <ClInclude Include="param\defs\SP_EFFECT_SET_PARAM_ST.h">
      <Filter>Header Files</Filter>
    </ClInclude>
    <ClInclude Include="param\defs\SP_EFFECT_VFX_PARAM_ST.h">
      <Filter>Header Files</Filter>
    </ClInclude>
    <ClInclude Include="param\defs\SWORD_ARTS_PARAM_ST.h">
      <Filter>Header Files</Filter>
    </ClInclude>
    <ClInclude Include="param\defs\TALK_PARAM_ST.h">
      <Filter>Header Files</Filter>
    </ClInclude>
    <ClInclude Include="param\defs\THROW_DIRECTION_SFX_PARAM_ST.h">
      <Filter>Header Files</Filter>
    </ClInclude>
    <ClInclude Include="param\defs\THROW_PARAM_ST.h">
      <Filter>Header Files</Filter>
    </ClInclude>
    <ClInclude Include="param\defs\TOUGHNESS_PARAM_ST.h">
      <Filter>Header Files</Filter>
    </ClInclude>
    <ClInclude Include="param\defs\TUTORIAL_PARAM_ST.h">
      <Filter>Header Files</Filter>
    </ClInclude>
    <ClInclude Include="param\defs\WAYPOINT_PARAM_ST.h">
      <Filter>Header Files</Filter>
    </ClInclude>
    <ClInclude Include="param\defs\WEATHER_ASSET_CREATE_PARAM_ST.h">
      <Filter>Header Files</Filter>
    </ClInclude>
    <ClInclude Include="param\defs\WEATHER_ASSET_REPLACE_PARAM_ST.h">
      <Filter>Header Files</Filter>
    </ClInclude>
    <ClInclude Include="param\defs\WEATHER_LOT_PARAM_ST.h">
      <Filter>Header Files</Filter>
    </ClInclude>
    <ClInclude Include="param\defs\WEATHER_LOT_TEX_PARAM_ST.h">
      <Filter>Header Files</Filter>
    </ClInclude>
    <ClInclude Include="param\defs\WEATHER_PARAM_ST.h">
      <Filter>Header Files</Filter>
    </ClInclude>
    <ClInclude Include="param\defs\WEP_ABSORP_POS_PARAM_ST.h">
      <Filter>Header Files</Filter>
    </ClInclude>
    <ClInclude Include="param\defs\WET_ASPECT_PARAM_ST.h">
      <Filter>Header Files</Filter>
    </ClInclude>
    <ClInclude Include="param\defs\WHITE_SIGN_COOL_TIME_PARAM_ST.h">
      <Filter>Header Files</Filter>
    </ClInclude>
    <ClInclude Include="param\defs\WORLD_MAP_LEGACY_CONV_PARAM_ST.h">
      <Filter>Header Files</Filter>
    </ClInclude>
    <ClInclude Include="param\defs\WORLD_MAP_PIECE_PARAM_ST.h">
      <Filter>Header Files</Filter>
    </ClInclude>
    <ClInclude Include="param\defs\WORLD_MAP_PLACE_NAME_PARAM_ST.h">
      <Filter>Header Files</Filter>
    </ClInclude>
    <ClInclude Include="param\defs\WORLD_MAP_POINT_PARAM_ST.h">
      <Filter>Header Files</Filter>
    </ClInclude>
    <ClInclude Include="param\defs\WWISE_VALUE_TO_STR_CONVERT_PARAM_ST.h">
      <Filter>Header Files</Filter>
    </ClInclude>
    <ClInclude Include="param\DirectionCameraParam.h">
      <Filter>Header Files</Filter>
    </ClInclude>
    <ClInclude Include="param\EnemyCommonParam.h">
      <Filter>Header Files</Filter>
    </ClInclude>
    <ClInclude Include="param\EnvObjLotParam.h">
      <Filter>Header Files</Filter>
    </ClInclude>
    <ClInclude Include="param\EquipMtrlSetParam.h">
      <Filter>Header Files</Filter>
    </ClInclude>
    <ClInclude Include="param\EquipParamAccessory.h">
      <Filter>Header Files</Filter>
    </ClInclude>
    <ClInclude Include="param\EquipParamCustomWeapon.h">
      <Filter>Header Files</Filter>
    </ClInclude>
    <ClInclude Include="param\EquipParamGem.h">
      <Filter>Header Files</Filter>
    </ClInclude>
    <ClInclude Include="param\EquipParamGoods.h">
      <Filter>Header Files</Filter>
    </ClInclude>
    <ClInclude Include="param\EquipParamProtector.h">
      <Filter>Header Files</Filter>
    </ClInclude>
    <ClInclude Include="param\EquipParamWeapon.h">
      <Filter>Header Files</Filter>
    </ClInclude>
    <ClInclude Include="param\FaceParam.h">
      <Filter>Header Files</Filter>
    </ClInclude>
    <ClInclude Include="param\FaceRangeParam.h">
      <Filter>Header Files</Filter>
    </ClInclude>
    <ClInclude Include="param\FeTextEffectParam.h">
      <Filter>Header Files</Filter>
    </ClInclude>
    <ClInclude Include="param\FootSfxParam.h">
      <Filter>Header Files</Filter>
    </ClInclude>
    <ClInclude Include="param\GameAreaParam.h">
      <Filter>Header Files</Filter>
    </ClInclude>
    <ClInclude Include="param\GameSystemCommonParam.h">
      <Filter>Header Files</Filter>
    </ClInclude>
    <ClInclude Include="param\GestureParam.h">
      <Filter>Header Files</Filter>
    </ClInclude>
    <ClInclude Include="param\GparamRefSettings.h">
      <Filter>Header Files</Filter>
    </ClInclude>
    <ClInclude Include="param\GraphicsCommonParam.h">
      <Filter>Header Files</Filter>
    </ClInclude>
    <ClInclude Include="param\GraphicsConfig.h">
      <Filter>Header Files</Filter>
    </ClInclude>
    <ClInclude Include="param\GrassLodRangeParam.h">
      <Filter>Header Files</Filter>
    </ClInclude>
    <ClInclude Include="param\GrassTypeParam.h">
      <Filter>Header Files</Filter>
    </ClInclude>
    <ClInclude Include="param\GrassTypeParam_Lv1.h">
      <Filter>Header Files</Filter>
    </ClInclude>
    <ClInclude Include="param\GrassTypeParam_Lv2.h">
      <Filter>Header Files</Filter>
    </ClInclude>
    <ClInclude Include="param\HitEffectSeParam.h">
      <Filter>Header Files</Filter>
    </ClInclude>
    <ClInclude Include="param\HitEffectSfxConceptParam.h">
      <Filter>Header Files</Filter>
    </ClInclude>
    <ClInclude Include="param\HitEffectSfxParam.h">
      <Filter>Header Files</Filter>
    </ClInclude>
    <ClInclude Include="param\HitMtrlParam.h">
      <Filter>Header Files</Filter>
    </ClInclude>
    <ClInclude Include="param\HPEstusFlaskRecoveryParam.h">
      <Filter>Header Files</Filter>
    </ClInclude>
    <ClInclude Include="param\ItemLotParam_enemy.h">
      <Filter>Header Files</Filter>
    </ClInclude>
    <ClInclude Include="param\ItemLotParam_map.h">
      <Filter>Header Files</Filter>
    </ClInclude>
    <ClInclude Include="param\KeyAssignMenuItemParam.h">
      <Filter>Header Files</Filter>
    </ClInclude>
    <ClInclude Include="param\KeyAssignParam_TypeA.h">
      <Filter>Header Files</Filter>
    </ClInclude>
    <ClInclude Include="param\KeyAssignParam_TypeB.h">
      <Filter>Header Files</Filter>
    </ClInclude>
    <ClInclude Include="param\KeyAssignParam_TypeC.h">
      <Filter>Header Files</Filter>
    </ClInclude>
    <ClInclude Include="param\KnockBackParam.h">
      <Filter>Header Files</Filter>
    </ClInclude>
    <ClInclude Include="param\KnowledgeLoadScreenItemParam.h">
      <Filter>Header Files</Filter>
    </ClInclude>
    <ClInclude Include="param\LegacyDistantViewPartsReplaceParam.h">
      <Filter>Header Files</Filter>
    </ClInclude>
    <ClInclude Include="param\LoadBalancerDrawDistScaleParam.h">
      <Filter>Header Files</Filter>
    </ClInclude>
    <ClInclude Include="param\LoadBalancerDrawDistScaleParam_ps4.h">
      <Filter>Header Files</Filter>
    </ClInclude>
    <ClInclude Include="param\LoadBalancerDrawDistScaleParam_ps5.h">
      <Filter>Header Files</Filter>
    </ClInclude>
    <ClInclude Include="param\LoadBalancerDrawDistScaleParam_xb1.h">
      <Filter>Header Files</Filter>
    </ClInclude>
    <ClInclude Include="param\LoadBalancerDrawDistScaleParam_xb1x.h">
      <Filter>Header Files</Filter>
    </ClInclude>
    <ClInclude Include="param\LoadBalancerDrawDistScaleParam_xss.h">
      <Filter>Header Files</Filter>
    </ClInclude>
    <ClInclude Include="param\LoadBalancerDrawDistScaleParam_xsx.h">
      <Filter>Header Files</Filter>
    </ClInclude>
    <ClInclude Include="param\LoadBalancerNewDrawDistScaleParam_ps4.h">
      <Filter>Header Files</Filter>
    </ClInclude>
    <ClInclude Include="param\LoadBalancerNewDrawDistScaleParam_ps5.h">
      <Filter>Header Files</Filter>
    </ClInclude>
    <ClInclude Include="param\LoadBalancerNewDrawDistScaleParam_win64.h">
      <Filter>Header Files</Filter>
    </ClInclude>
    <ClInclude Include="param\LoadBalancerNewDrawDistScaleParam_xb1.h">
      <Filter>Header Files</Filter>
    </ClInclude>
    <ClInclude Include="param\LoadBalancerNewDrawDistScaleParam_xb1x.h">
      <Filter>Header Files</Filter>
    </ClInclude>
    <ClInclude Include="param\LoadBalancerNewDrawDistScaleParam_xss.h">
      <Filter>Header Files</Filter>
    </ClInclude>
    <ClInclude Include="param\LoadBalancerNewDrawDistScaleParam_xsx.h">
      <Filter>Header Files</Filter>
    </ClInclude>
    <ClInclude Include="param\LoadBalancerParam.h">
      <Filter>Header Files</Filter>
    </ClInclude>
    <ClInclude Include="param\LockCamParam.h">
      <Filter>Header Files</Filter>
    </ClInclude>
    <ClInclude Include="param\Magic.h">
      <Filter>Header Files</Filter>
    </ClInclude>
    <ClInclude Include="param\MapDefaultInfoParam.h">
      <Filter>Header Files</Filter>
    </ClInclude>
    <ClInclude Include="param\MapGdRegionDrawParam.h">
      <Filter>Header Files</Filter>
    </ClInclude>
    <ClInclude Include="param\MapGdRegionInfoParam.h">
      <Filter>Header Files</Filter>
    </ClInclude>
    <ClInclude Include="param\MapGridCreateHeightLimitInfoParam.h">
      <Filter>Header Files</Filter>
    </ClInclude>
    <ClInclude Include="param\MapMimicryEstablishmentParam.h">
      <Filter>Header Files</Filter>
    </ClInclude>
    <ClInclude Include="param\MapNameTexParam.h">
      <Filter>Header Files</Filter>
    </ClInclude>
    <ClInclude Include="param\MapPieceTexParam.h">
      <Filter>Header Files</Filter>
    </ClInclude>
    <ClInclude Include="param\MaterialExParam.h">
      <Filter>Header Files</Filter>
    </ClInclude>
    <ClInclude Include="param\MenuColorTableParam.h">
      <Filter>Header Files</Filter>
    </ClInclude>
    <ClInclude Include="param\MenuCommonParam.h">
      <Filter>Header Files</Filter>
    </ClInclude>
    <ClInclude Include="param\MenuOffscrRendParam.h">
      <Filter>Header Files</Filter>
    </ClInclude>
    <ClInclude Include="param\MenuPropertyLayoutParam.h">
      <Filter>Header Files</Filter>
    </ClInclude>
    <ClInclude Include="param\MenuPropertySpecParam.h">
      <Filter>Header Files</Filter>
    </ClInclude>
    <ClInclude Include="param\MenuValueTableParam.h">
      <Filter>Header Files</Filter>
    </ClInclude>
    <ClInclude Include="param\MimicryEstablishmentTexParam.h">
      <Filter>Header Files</Filter>
    </ClInclude>
    <ClInclude Include="param\MoveParam.h">
      <Filter>Header Files</Filter>
    </ClInclude>
    <ClInclude Include="param\MPEstusFlaskRecoveryParam.h">
      <Filter>Header Files</Filter>
    </ClInclude>
    <ClInclude Include="param\MultiHPEstusFlaskBonusParam.h">
      <Filter>Header Files</Filter>
    </ClInclude>
    <ClInclude Include="param\MultiMPEstusFlaskBonusParam.h">
      <Filter>Header Files</Filter>
    </ClInclude>
    <ClInclude Include="param\MultiPlayCorrectionParam.h">
      <Filter>Header Files</Filter>
    </ClInclude>
    <ClInclude Include="param\MultiSoulBonusRateParam.h">
      <Filter>Header Files</Filter>
    </ClInclude>
    <ClInclude Include="param\NetworkAreaParam.h">
      <Filter>Header Files</Filter>
    </ClInclude>
    <ClInclude Include="param\NetworkMsgParam.h">
      <Filter>Header Files</Filter>
    </ClInclude>
    <ClInclude Include="param\NetworkParam.h">
      <Filter>Header Files</Filter>
    </ClInclude>
    <ClInclude Include="param\NpcAiActionParam.h">
      <Filter>Header Files</Filter>
    </ClInclude>
    <ClInclude Include="param\NpcAiBehaviorProbability.h">
      <Filter>Header Files</Filter>
    </ClInclude>
    <ClInclude Include="param\NpcParam.h">
      <Filter>Header Files</Filter>
    </ClInclude>
    <ClInclude Include="param\NpcThinkParam.h">
      <Filter>Header Files</Filter>
    </ClInclude>
    <ClInclude Include="param\ObjActParam.h">
      <Filter>Header Files</Filter>
    </ClInclude>
    <ClInclude Include="param\params.h">
      <Filter>Header Files</Filter>
    </ClInclude>
    <ClInclude Include="param\PartsDrawParam.h">
      <Filter>Header Files</Filter>
    </ClInclude>
    <ClInclude Include="param\PhantomParam.h">
      <Filter>Header Files</Filter>
    </ClInclude>
    <ClInclude Include="param\PlayerCommonParam.h">
      <Filter>Header Files</Filter>
    </ClInclude>
    <ClInclude Include="param\PlayRegionParam.h">
      <Filter>Header Files</Filter>
    </ClInclude>
    <ClInclude Include="param\PostureControlParam_Gender.h">
      <Filter>Header Files</Filter>
    </ClInclude>
    <ClInclude Include="param\PostureControlParam_Pro.h">
      <Filter>Header Files</Filter>
    </ClInclude>
    <ClInclude Include="param\PostureControlParam_WepLeft.h">
      <Filter>Header Files</Filter>
    </ClInclude>
    <ClInclude Include="param\PostureControlParam_WepRight.h">
      <Filter>Header Files</Filter>
    </ClInclude>
    <ClInclude Include="param\RandomAppearParam.h">
      <Filter>Header Files</Filter>
    </ClInclude>
    <ClInclude Include="param\ReinforceParamProtector.h">
      <Filter>Header Files</Filter>
    </ClInclude>
    <ClInclude Include="param\ReinforceParamWeapon.h">
      <Filter>Header Files</Filter>
    </ClInclude>
    <ClInclude Include="param\ResistCorrectParam.h">
      <Filter>Header Files</Filter>
    </ClInclude>
    <ClInclude Include="param\RideParam.h">
      <Filter>Header Files</Filter>
    </ClInclude>
    <ClInclude Include="param\RoleParam.h">
      <Filter>Header Files</Filter>
    </ClInclude>
    <ClInclude Include="param\RollingObjLotParam.h">
      <Filter>Header Files</Filter>
    </ClInclude>
    <ClInclude Include="param\RuntimeBoneControlParam.h">
      <Filter>Header Files</Filter>
    </ClInclude>
    <ClInclude Include="param\SeActivationRangeParam.h">
      <Filter>Header Files</Filter>
    </ClInclude>
    <ClInclude Include="param\SeMaterialConvertParam.h">
      <Filter>Header Files</Filter>
    </ClInclude>
    <ClInclude Include="param\SfxBlockResShareParam.h">
      <Filter>Header Files</Filter>
    </ClInclude>
    <ClInclude Include="param\ShopLineupParam.h">
      <Filter>Header Files</Filter>
    </ClInclude>
    <ClInclude Include="param\ShopLineupParam_Recipe.h">
      <Filter>Header Files</Filter>
    </ClInclude>
    <ClInclude Include="param\SignPuddleParam.h">
      <Filter>Header Files</Filter>
    </ClInclude>
    <ClInclude Include="param\SoundAssetSoundObjEnableDistParam.h">
      <Filter>Header Files</Filter>
    </ClInclude>
    <ClInclude Include="param\SoundAutoEnvSoundGroupParam.h">
      <Filter>Header Files</Filter>
    </ClInclude>
    <ClInclude Include="param\SoundAutoReverbEvaluationDistParam.h">
      <Filter>Header Files</Filter>
    </ClInclude>
    <ClInclude Include="param\SoundAutoReverbSelectParam.h">
      <Filter>Header Files</Filter>
    </ClInclude>
    <ClInclude Include="param\SoundChrPhysicsSeParam.h">
      <Filter>Header Files</Filter>
    </ClInclude>
    <ClInclude Include="param\SoundCommonIngameParam.h">
      <Filter>Header Files</Filter>
    </ClInclude>
    <ClInclude Include="param\SoundCutsceneParam.h">
      <Filter>Header Files</Filter>
    </ClInclude>
    <ClInclude Include="param\SpeedtreeParam.h">
      <Filter>Header Files</Filter>
    </ClInclude>
    <ClInclude Include="param\SpEffectParam.h">
      <Filter>Header Files</Filter>
    </ClInclude>
    <ClInclude Include="param\SpEffectSetParam.h">
      <Filter>Header Files</Filter>
    </ClInclude>
    <ClInclude Include="param\SpEffectVfxParam.h">
      <Filter>Header Files</Filter>
    </ClInclude>
    <ClInclude Include="param\SwordArtsParam.h">
      <Filter>Header Files</Filter>
    </ClInclude>
    <ClInclude Include="param\TalkParam.h">
      <Filter>Header Files</Filter>
    </ClInclude>
    <ClInclude Include="param\ThrowDirectionSfxParam.h">
      <Filter>Header Files</Filter>
    </ClInclude>
    <ClInclude Include="param\ThrowParam.h">
      <Filter>Header Files</Filter>
    </ClInclude>
    <ClInclude Include="param\ToughnessParam.h">
      <Filter>Header Files</Filter>
    </ClInclude>
    <ClInclude Include="param\TutorialParam.h">
      <Filter>Header Files</Filter>
    </ClInclude>
    <ClInclude Include="param\WaypointParam.h">
      <Filter>Header Files</Filter>
    </ClInclude>
    <ClInclude Include="param\WeatherAssetCreateParam.h">
      <Filter>Header Files</Filter>
    </ClInclude>
    <ClInclude Include="param\WeatherAssetReplaceParam.h">
      <Filter>Header Files</Filter>
    </ClInclude>
    <ClInclude Include="param\WeatherLotParam.h">
      <Filter>Header Files</Filter>
    </ClInclude>
    <ClInclude Include="param\WeatherLotTexParam.h">
      <Filter>Header Files</Filter>
    </ClInclude>
    <ClInclude Include="param\WeatherParam.h">
      <Filter>Header Files</Filter>
    </ClInclude>
    <ClInclude Include="param\WepAbsorpPosParam.h">
      <Filter>Header Files</Filter>
    </ClInclude>
    <ClInclude Include="param\WetAspectParam.h">
      <Filter>Header Files</Filter>
    </ClInclude>
    <ClInclude Include="param\WhiteSignCoolTimeParam.h">
      <Filter>Header Files</Filter>
    </ClInclude>
    <ClInclude Include="param\WorldMapLegacyConvParam.h">
      <Filter>Header Files</Filter>
    </ClInclude>
    <ClInclude Include="param\WorldMapPieceParam.h">
      <Filter>Header Files</Filter>
    </ClInclude>
    <ClInclude Include="param\WorldMapPlaceNameParam.h">
      <Filter>Header Files</Filter>
    </ClInclude>
    <ClInclude Include="param\WorldMapPointParam.h">
      <Filter>Header Files</Filter>
    </ClInclude>
    <ClInclude Include="param\WwiseValueToStrParam_BgmBossChrIdConv.h">
      <Filter>Header Files</Filter>
    </ClInclude>
    <ClInclude Include="param\WwiseValueToStrParam_EnvPlaceType.h">
      <Filter>Header Files</Filter>
    </ClInclude>
    <ClInclude Include="param\WwiseValueToStrParam_Switch_AttackStrength.h">
      <Filter>Header Files</Filter>
    </ClInclude>
    <ClInclude Include="param\WwiseValueToStrParam_Switch_AttackType.h">
      <Filter>Header Files</Filter>
    </ClInclude>
    <ClInclude Include="param\WwiseValueToStrParam_Switch_DamageAmount.h">
      <Filter>Header Files</Filter>
    </ClInclude>
    <ClInclude Include="param\WwiseValueToStrParam_Switch_DeffensiveMaterial.h">
      <Filter>Header Files</Filter>
    </ClInclude>
    <ClInclude Include="param\WwiseValueToStrParam_Switch_GrassHitType.h">
      <Filter>Header Files</Filter>
    </ClInclude>
    <ClInclude Include="param\WwiseValueToStrParam_Switch_HitStop.h">
      <Filter>Header Files</Filter>
    </ClInclude>
    <ClInclude Include="param\WwiseValueToStrParam_Switch_OffensiveMaterial.h">
      <Filter>Header Files</Filter>
    </ClInclude>
    <ClInclude Include="param\WwiseValueToStrParam_Switch_PlayerEquipmentBottoms.h">
      <Filter>Header Files</Filter>
    </ClInclude>
    <ClInclude Include="param\WwiseValueToStrParam_Switch_PlayerEquipmentTops.h">
      <Filter>Header Files</Filter>
    </ClInclude>
    <ClInclude Include="param\WwiseValueToStrParam_Switch_PlayerShoes.h">
      <Filter>Header Files</Filter>
    </ClInclude>
    <ClInclude Include="param\WwiseValueToStrParam_Switch_PlayerVoiceType.h">
      <Filter>Header Files</Filter>
    </ClInclude>
    <ClInclude Include="Util\ParamEditor.h">
      <Filter>Header Files</Filter>
    </ClInclude>
  </ItemGroup>
  <ItemGroup>
    <ClCompile Include="dllmain.cpp">
      <Filter>Source Files</Filter>
    </ClCompile>
    <ClCompile Include="ErdToolsMain.cpp">
      <Filter>Source Files</Filter>
    </ClCompile>
    <ClCompile Include="Hook\ErdHook.cpp">
      <Filter>Source Files\Hook</Filter>
    </ClCompile>
    <ClCompile Include="minhook\src\buffer.c">
      <Filter>Resource Files\minhook</Filter>
    </ClCompile>
    <ClCompile Include="minhook\src\hde\hde32.c">
      <Filter>Resource Files\minhook</Filter>
    </ClCompile>
    <ClCompile Include="minhook\src\hde\hde64.c">
      <Filter>Resource Files\minhook</Filter>
    </ClCompile>
    <ClCompile Include="minhook\src\hook.c">
      <Filter>Resource Files\minhook</Filter>
    </ClCompile>
    <ClCompile Include="minhook\src\trampoline.c">
      <Filter>Resource Files\minhook</Filter>
    </ClCompile>
    <ClCompile Include="Hook\EventHook.cpp">
      <Filter>Source Files\Hook</Filter>
    </ClCompile>
    <ClCompile Include="INIReader\INIReader.cpp">
      <Filter>Resource Files\INIReader</Filter>
    </ClCompile>
    <ClCompile Include="INIReader\ini.cpp">
      <Filter>Resource Files\INIReader</Filter>
    </ClCompile>
    <ClCompile Include="Hook\DebugHook.cpp">
      <Filter>Source Files\Hook</Filter>
    </ClCompile>
    <ClCompile Include="Hook\ParamHook.cpp">
      <Filter>Source Files\Hook</Filter>
    </ClCompile>
    <ClCompile Include="Hook\FeHook.cpp">
      <Filter>Source Files\Hook</Filter>
    </ClCompile>
  </ItemGroup>
  <ItemGroup>
    <ResourceCompile Include="Erd-Tools-CPP.rc">
      <Filter>Resource Files</Filter>
    </ResourceCompile>
  </ItemGroup>
  <ItemGroup>
    <MASM Include="ASM\ExecActionButtonParamWrapper.asm">
      <Filter>ASM</Filter>
    </MASM>
  </ItemGroup>
</Project>